hash: 361fca1ebe804472009c4061fdefeb08044aa15cf4865a4dd3a622d58cd51ab2
updated: 2017-01-05T09:29:33.201815433+08:00
imports:
- name: github.com/dghubble/go-twitter
  version: 536f41ba9ebcee721411517767a6f56b54b4ab65
  subpackages:
  - twitter
- name: github.com/dghubble/oauth1
  version: 70562a5920ad9b6ff03ef697c0f90ae569abbd2b
- name: github.com/koding/multiconfig
  version: a2dc2f83a6e7a5c1c5b9a02527a4e9a0b921bea8
testImports: []
